// !$*UTF8*$!
{
	archiveVersion = 1;
	classes = {
	};
	objectVersion = 55;
	objects = {

/* Begin PBXBuildFile section */
		FDE5DE982813E08600FB1B1B /* AppDelegate.swift in Sources */ = {isa = PBXBuildFile; fileRef = FDE5DE972813E08600FB1B1B /* AppDelegate.swift */; };
		FDE5DE9A2813E08600FB1B1B /* SceneDelegate.swift in Sources */ = {isa = PBXBuildFile; fileRef = FDE5DE992813E08600FB1B1B /* SceneDelegate.swift */; };
		FDE5DE9C2813E08600FB1B1B /* DashboardViewController.swift in Sources */ = {isa = PBXBuildFile; fileRef = FDE5DE9B2813E08600FB1B1B /* DashboardViewController.swift */; };
		FDE5DE9F2813E08600FB1B1B /* Main.storyboard in Resources */ = {isa = PBXBuildFile; fileRef = FDE5DE9D2813E08600FB1B1B /* Main.storyboard */; };
		FDE5DEA12813E08B00FB1B1B /* Assets.xcassets in Resources */ = {isa = PBXBuildFile; fileRef = FDE5DEA02813E08B00FB1B1B /* Assets.xcassets */; };
		FDE5DEA42813E08B00FB1B1B /* LaunchScreen.storyboard in Resources */ = {isa = PBXBuildFile; fileRef = FDE5DEA22813E08B00FB1B1B /* LaunchScreen.storyboard */; };
		FDE5DEAE2813E26900FB1B1B /* CustomView.swift in Sources */ = {isa = PBXBuildFile; fileRef = FDE5DEAC2813E26800FB1B1B /* CustomView.swift */; };
		FDE5DEAF2813E26900FB1B1B /* CustomView.xib in Resources */ = {isa = PBXBuildFile; fileRef = FDE5DEAD2813E26900FB1B1B /* CustomView.xib */; };
		FDE5DEB22813F27100FB1B1B /* NSObjectExtension.swift in Sources */ = {isa = PBXBuildFile; fileRef = FDE5DEB12813F27100FB1B1B /* NSObjectExtension.swift */; };
/* End PBXBuildFile section */

/* Begin PBXFileReference section */
		FDE5DE942813E08600FB1B1B /* ReusableUIView.app */ = {isa = PBXFileReference; explicitFileType = wrapper.application; includeInIndex = 0; path = ReusableUIView.app; sourceTree = BUILT_PRODUCTS_DIR; };
		FDE5DE972813E08600FB1B1B /* AppDelegate.swift */ = {isa = PBXFileReference; lastKnownFileType = sourcecode.swift; path = AppDelegate.swift; sourceTree = "<group>"; };
		FDE5DE992813E08600FB1B1B /* SceneDelegate.swift */ = {isa = PBXFileReference; lastKnownFileType = sourcecode.swift; path = SceneDelegate.swift; sourceTree = "<group>"; };
		FDE5DE9B2813E08600FB1B1B /* DashboardViewController.swift */ = {isa = PBXFileReference; lastKnownFileType = sourcecode.swift; path = DashboardViewController.swift; sourceTree = "<group>"; };
		FDE5DE9E2813E08600FB1B1B /* Base */ = {isa = PBXFileReference; lastKnownFileType = file.storyboard; name = Base; path = Base.lproj/Main.storyboard; sourceTree = "<group>"; };
		FDE5DEA02813E08B00FB1B1B /* Assets.xcassets */ = {isa = PBXFileReference; lastKnownFileType = folder.assetcatalog; path = Assets.xcassets; sourceTree = "<group>"; };
		FDE5DEA32813E08B00FB1B1B /* Base */ = {isa = PBXFileReference; lastKnownFileType = file.storyboard; name = Base; path = Base.lproj/LaunchScreen.storyboard; sourceTree = "<group>"; };
		FDE5DEA52813E08B00FB1B1B /* Info.plist */ = {isa = PBXFileReference; lastKnownFileType = text.plist.xml; path = Info.plist; sourceTree = "<group>"; };
		FDE5DEAC2813E26800FB1B1B /* CustomView.swift */ = {isa = PBXFileReference; fileEncoding = 4; lastKnownFileType = sourcecode.swift; path = CustomView.swift; sourceTree = "<group>"; };
		FDE5DEAD2813E26900FB1B1B /* CustomView.xib */ = {isa = PBXFileReference; fileEncoding = 4; lastKnownFileType = file.xib; path = CustomView.xib; sourceTree = "<group>"; };
		FDE5DEB12813F27100FB1B1B /* NSObjectExtension.swift */ = {isa = PBXFileReference; lastKnownFileType = sourcecode.swift; path = NSObjectExtension.swift; sourceTree = "<group>"; };
/* End PBXFileReference section */

/* Begin PBXFrameworksBuildPhase section */
		FDE5DE912813E08600FB1B1B /* Frameworks */ = {
			isa = PBXFrameworksBuildPhase;
			buildActionMask = 2147483647;
			files = (
			);
			runOnlyForDeploymentPostprocessing = 0;
		};
/* End PBXFrameworksBuildPhase section */

/* Begin PBXGroup section */
		FDE5DE8B2813E08600FB1B1B = {
			isa = PBXGroup;
			children = (
				FDE5DE962813E08600FB1B1B /* ReusableUIView */,
				FDE5DE952813E08600FB1B1B /* Products */,
			);
			sourceTree = "<group>";
		};
		FDE5DE952813E08600FB1B1B /* Products */ = {
			isa = PBXGroup;
			children = (
				FDE5DE942813E08600FB1B1B /* ReusableUIView.app */,
			);
			name = Products;
			sourceTree = "<group>";
		};
		FDE5DE962813E08600FB1B1B /* ReusableUIView */ = {
			isa = PBXGroup;
			children = (
				FDE5DE972813E08600FB1B1B /* AppDelegate.swift */,
				FDE5DE992813E08600FB1B1B /* SceneDelegate.swift */,
				FDE5DE9B2813E08600FB1B1B /* DashboardViewController.swift */,
				FDE5DEAB2813E25200FB1B1B /* CustomView */,
				FDE5DEB02813F24A00FB1B1B /* Extensions */,
				FDE5DE9D2813E08600FB1B1B /* Main.storyboard */,
				FDE5DEA02813E08B00FB1B1B /* Assets.xcassets */,
				FDE5DEA22813E08B00FB1B1B /* LaunchScreen.storyboard */,
				FDE5DEA52813E08B00FB1B1B /* Info.plist */,
			);
			path = ReusableUIView;
			sourceTree = "<group>";
		};
		FDE5DEAB2813E25200FB1B1B /* CustomView */ = {
			isa = PBXGroup;
			children = (
				FDE5DEAC2813E26800FB1B1B /* CustomView.swift */,
				FDE5DEAD2813E26900FB1B1B /* CustomView.xib */,
			);
			path = CustomView;
			sourceTree = "<group>";
		};
		FDE5DEB02813F24A00FB1B1B /* Extensions */ = {
			isa = PBXGroup;
			children = (
				FDE5DEB12813F27100FB1B1B /* NSObjectExtension.swift */,
			);
			path = Extensions;
			sourceTree = "<group>";
		};
/* End PBXGroup section */

/* Begin PBXNativeTarget section */
		FDE5DE932813E08600FB1B1B /* ReusableUIView */ = {
			isa = PBXNativeTarget;
			buildConfigurationList = FDE5DEA82813E08B00FB1B1B /* Build configuration list for PBXNativeTarget "ReusableUIView" */;
			buildPhases = (
				FDE5DE902813E08600FB1B1B /* Sources */,
				FDE5DE912813E08600FB1B1B /* Frameworks */,
				FDE5DE922813E08600FB1B1B /* Resources */,
			);
			buildRules = (
			);
			dependencies = (
			);
			name = ReusableUIView;
			productName = ReusableUIView;
			productReference = FDE5DE942813E08600FB1B1B /* ReusableUIView.app */;
			productType = "com.apple.product-type.application";
		};
/* End PBXNativeTarget section */

/* Begin PBXProject section */
		FDE5DE8C2813E08600FB1B1B /* Project object */ = {
			isa = PBXProject;
			attributes = {
				BuildIndependentTargetsInParallel = 1;
				LastSwiftUpdateCheck = 1300;
				LastUpgradeCheck = 1300;
				TargetAttributes = {
					FDE5DE932813E08600FB1B1B = {
						CreatedOnToolsVersion = 13.0;
					};
				};
			};
			buildConfigurationList = FDE5DE8F2813E08600FB1B1B /* Build configuration list for PBXProject "ReusableUIView" */;
			compatibilityVersion = "Xcode 13.0";
			developmentRegion = en;
			hasScannedForEncodings = 0;
			knownRegions = (
				en,
				Base,
			);
			mainGroup = FDE5DE8B2813E08600FB1B1B;
			productRefGroup = FDE5DE952813E08600FB1B1B /* Products */;
			projectDirPath = "";
			projectRoot = "";
			targets = (
				FDE5DE932813E08600FB1B1B /* ReusableUIView */,
			);
		};
/* End PBXProject section */

/* Begin PBXResourcesBuildPhase section */
		FDE5DE922813E08600FB1B1B /* Resources */ = {
			isa = PBXResourcesBuildPhase;
			buildActionMask = 2147483647;
			files = (
				FDE5DEA42813E08B00FB1B1B /* LaunchScreen.storyboard in Resources */,
				FDE5DEAF2813E26900FB1B1B /* CustomView.xib in Resources */,
				FDE5DEA12813E08B00FB1B1B /* Assets.xcassets in Resources */,
				FDE5DE9F2813E08600FB1B1B /* Main.storyboard in Resources */,
			);
			runOnlyForDeploymentPostprocessing = 0;
		};
/* End PBXResourcesBuildPhase section */

/* Begin PBXSourcesBuildPhase section */
		FDE5DE902813E08600FB1B1B /* Sources */ = {
			isa = PBXSourcesBuildPhase;
			buildActionMask = 2147483647;
			files = (
				FDE5DE9C2813E08600FB1B1B /* DashboardViewController.swift in Sources */,
				FDE5DEB22813F27100FB1B1B /* NSObjectExtension.swift in Sources */,
				FDE5DEAE2813E26900FB1B1B /* CustomView.swift in Sources */,
				FDE5DE982813E08600FB1B1B /* AppDelegate.swift in Sources */,
				FDE5DE9A2813E08600FB1B1B /* SceneDelegate.swift in Sources */,
			);
			runOnlyForDeploymentPostprocessing = 0;
		};
/* End PBXSourcesBuildPhase section */

/* Begin PBXVariantGroup section */
		FDE5DE9D2813E08600FB1B1B /* Main.storyboard */ = {
			isa = PBXVariantGroup;
			children = (
				FDE5DE9E2813E08600FB1B1B /* Base */,
			);
			name = Main.storyboard;
			sourceTree = "<group>";
		};
		FDE5DEA22813E08B00FB1B1B /* LaunchScreen.storyboard */ = {
			isa = PBXVariantGroup;
			children = (
				FDE5DEA32813E08B00FB1B1B /* Base */,
			);
			name = LaunchScreen.storyboard;
			sourceTree = "<group>";
		};
/* End PBXVariantGroup section */

/* Begin XCBuildConfiguration section */
		FDE5DEA62813E08B00FB1B1B /* Debug */ = {
			isa = XCBuildConfiguration;
			buildSettings = {
				ALWAYS_SEARCH_USER_PATHS = NO;
				CLANG_ANALYZER_NONNULL = YES;
				CLANG_ANALYZER_NUMBER_OBJECT_CONVERSION = YES_AGGRESSIVE;
				CLANG_CXX_LANGUAGE_STANDARD = "gnu++17";
				CLANG_CXX_LIBRARY = "libc++";
				CLANG_ENABLE_MODULES = YES;
				CLANG_ENABLE_OBJC_ARC = YES;
				CLANG_ENABLE_OBJC_WEAK = YES;
				CLANG_WARN_BLOCK_CAPTURE_AUTORELEASING = YES;
				CLANG_WARN_BOOL_CONVERSION = YES;
				CLANG_WARN_COMMA = YES;
				CLANG_WARN_CONSTANT_CONVERSION = YES;
				CLANG_WARN_DEPRECATED_OBJC_IMPLEMENTATIONS = YES;
				CLANG_WARN_DIRECT_OBJC_ISA_USAGE = YES_ERROR;
				CLANG_WARN_DOCUMENTATION_COMMENTS = YES;
				CLANG_WARN_EMPTY_BODY = YES;
				CLANG_WARN_ENUM_CONVERSION = YES;
				CLANG_WARN_INFINITE_RECURSION = YES;
				CLANG_WARN_INT_CONVERSION = YES;
				CLANG_WARN_NON_LITERAL_NULL_CONVERSION = YES;
				CLANG_WARN_OBJC_IMPLICIT_RETAIN_SELF = YES;
				CLANG_WARN_OBJC_LITERAL_CONVERSION = YES;
				CLANG_WARN_OBJC_ROOT_CLASS = YES_ERROR;
				CLANG_WARN_QUOTED_INCLUDE_IN_FRAMEWORK_HEADER = YES;
				CLANG_WARN_RANGE_LOOP_ANALYSIS = YES;
				CLANG_WARN_STRICT_PROTOTYPES = YES;
				CLANG_WARN_SUSPICIOUS_MOVE = YES;
				CLANG_WARN_UNGUARDED_AVAILABILITY = YES_AGGRESSIVE;
				CLANG_WARN_UNREACHABLE_CODE = YES;
				CLANG_WARN__DUPLICATE_METHOD_MATCH = YES;
				COPY_PHASE_STRIP = NO;
				DEBUG_INFORMATION_FORMAT = dwarf;
				ENABLE_STRICT_OBJC_MSGSEND = YES;
				ENABLE_TESTABILITY = YES;
				GCC_C_LANGUAGE_STANDARD = gnu11;
				GCC_DYNAMIC_NO_PIC = NO;
				GCC_NO_COMMON_BLOCKS = YES;
				GCC_OPTIMIZATION_LEVEL = 0;
				GCC_PREPROCESSOR_DEFINITIONS = (
					"DEBUG=1",
					"$(inherited)",
				);
				GCC_WARN_64_TO_32_BIT_CONVERSION = YES;
				GCC_WARN_ABOUT_RETURN_TYPE = YES_ERROR;
				GCC_WARN_UNDECLARED_SELECTOR = YES;
				GCC_WARN_UNINITIALIZED_AUTOS = YES_AGGRESSIVE;
				GCC_WARN_UNUSED_FUNCTION = YES;
				GCC_WARN_UNUSED_VARIABLE = YES;
				IPHONEOS_DEPLOYMENT_TARGET = 15.0;
				MTL_ENABLE_DEBUG_INFO = INCLUDE_SOURCE;
				MTL_FAST_MATH = YES;
				ONLY_ACTIVE_ARCH = YES;
				SDKROOT = iphoneos;
				SWIFT_ACTIVE_COMPILATION_CONDITIONS = DEBUG;
				SWIFT_OPTIMIZATION_LEVEL = "-Onone";
			};
			name = Debug;
		};
		FDE5DEA72813E08B00FB1B1B /* Release */ = {
			isa = XCBuildConfiguration;
			buildSettings = {
				ALWAYS_SEARCH_USER_PATHS = NO;
				CLANG_ANALYZER_NONNULL = YES;
				CLANG_ANALYZER_NUMBER_OBJECT_CONVERSION = YES_AGGRESSIVE;
				CLANG_CXX_LANGUAGE_STANDARD = "gnu++17";
				CLANG_CXX_LIBRARY = "libc++";
				CLANG_ENABLE_MODULES = YES;
				CLANG_ENABLE_OBJC_ARC = YES;
				CLANG_ENABLE_OBJC_WEAK = YES;
				CLANG_WARN_BLOCK_CAPTURE_AUTORELEASING = YES;
				CLANG_WARN_BOOL_CONVERSION = YES;
				CLANG_WARN_COMMA = YES;
				CLANG_WARN_CONSTANT_CONVERSION = YES;
				CLANG_WARN_DEPRECATED_OBJC_IMPLEMENTATIONS = YES;
				CLANG_WARN_DIRECT_OBJC_ISA_USAGE = YES_ERROR;
				CLANG_WARN_DOCUMENTATION_COMMENTS = YES;
				CLANG_WARN_EMPTY_BODY = YES;
				CLANG_WARN_ENUM_CONVERSION = YES;
				CLANG_WARN_INFINITE_RECURSION = YES;
				CLANG_WARN_INT_CONVERSION = YES;
				CLANG_WARN_NON_LITERAL_NULL_CONVERSION = YES;
				CLANG_WARN_OBJC_IMPLICIT_RETAIN_SELF = YES;
				CLANG_WARN_OBJC_LITERAL_CONVERSION = YES;
				CLANG_WARN_OBJC_ROOT_CLASS = YES_ERROR;
				CLANG_WARN_QUOTED_INCLUDE_IN_FRAMEWORK_HEADER = YES;
				CLANG_WARN_RANGE_LOOP_ANALYSIS = YES;
				CLANG_WARN_STRICT_PROTOTYPES = YES;
				CLANG_WARN_SUSPICIOUS_MOVE = YES;
				CLANG_WARN_UNGUARDED_AVAILABILITY = YES_AGGRESSIVE;
				CLANG_WARN_UNREACHABLE_CODE = YES;
				CLANG_WARN__DUPLICATE_METHOD_MATCH = YES;
				COPY_PHASE_STRIP = NO;
				DEBUG_INFORMATION_FORMAT = "dwarf-with-dsym";
				ENABLE_NS_ASSERTIONS = NO;
				ENABLE_STRICT_OBJC_MSGSEND = YES;
				GCC_C_LANGUAGE_STANDARD = gnu11;
				GCC_NO_COMMON_BLOCKS = YES;
				GCC_WARN_64_TO_32_BIT_CONVERSION = YES;
				GCC_WARN_ABOUT_RETURN_TYPE = YES_ERROR;
				GCC_WARN_UNDECLARED_SELECTOR = YES;
				GCC_WARN_UNINITIALIZED_AUTOS = YES_AGGRESSIVE;
				GCC_WARN_UNUSED_FUNCTION = YES;
				GCC_WARN_UNUSED_VARIABLE = YES;
				IPHONEOS_DEPLOYMENT_TARGET = 15.0;
				MTL_ENABLE_DEBUG_INFO = NO;
				MTL_FAST_MATH = YES;
				SDKROOT = iphoneos;
				SWIFT_COMPILATION_MODE = wholemodule;
				SWIFT_OPTIMIZATION_LEVEL = "-O";
				VALIDATE_PRODUCT = YES;
			};
			name = Release;
		};
		FDE5DEA92813E08B00FB1B1B /* Debug */ = {
			isa = XCBuildConfiguration;
			buildSettings = {
				ASSETCATALOG_COMPILER_APPICON_NAME = AppIcon;
				ASSETCATALOG_COMPILER_GLOBAL_ACCENT_COLOR_NAME = AccentColor;
				CODE_SIGN_STYLE = Automatic;
				CURRENT_PROJECT_VERSION = 1;
				DEVELOPMENT_TEAM = 9EVNS97F8T;
				GENERATE_INFOPLIST_FILE = YES;
				INFOPLIST_FILE = ReusableUIView/Info.plist;
				INFOPLIST_KEY_UIApplicationSupportsIndirectInputEvents = YES;
				INFOPLIST_KEY_UILaunchStoryboardName = LaunchScreen;
				INFOPLIST_KEY_UIMainStoryboardFile = Main;
				INFOPLIST_KEY_UISupportedInterfaceOrientations_iPad = "UIInterfaceOrientationPortrait UIInterfaceOrientationPortraitUpsideDown UIInterfaceOrientationLandscapeLeft UIInterfaceOrientationLandscapeRight";
				INFOPLIST_KEY_UISupportedInterfaceOrientations_iPhone = "UIInterfaceOrientationPortrait UIInterfaceOrientationLandscapeLeft UIInterfaceOrientationLandscapeRight";
				LD_RUNPATH_SEARCH_PATHS = (
					"$(inherited)",
					"@executable_path/Frameworks",
				);
				MARKETING_VERSION = 1.0;
				PRODUCT_BUNDLE_IDENTIFIER = com.Saanvi.ReusableUIView;
				PRODUCT_NAME = "$(TARGET_NAME)";
				SWIFT_EMIT_LOC_STRINGS = YES;
				SWIFT_VERSION = 5.0;
				TARGETED_DEVICE_FAMILY = "1,2";
			};
			name = Debug;
		};
		FDE5DEAA2813E08B00FB1B1B /* Release */ = {
			isa = XCBuildConfiguration;
			buildSettings = {
				ASSETCATALOG_COMPILER_APPICON_NAME = AppIcon;
				ASSETCATALOG_COMPILER_GLOBAL_ACCENT_COLOR_NAME = AccentColor;
				CODE_SIGN_STYLE = Automatic;
				CURRENT_PROJECT_VERSION = 1;
				DEVELOPMENT_TEAM = 9EVNS97F8T;
				GENERATE_INFOPLIST_FILE = YES;
				INFOPLIST_FILE = ReusableUIView/Info.plist;
				INFOPLIST_KEY_UIApplicationSupportsIndirectInputEvents = YES;
				INFOPLIST_KEY_UILaunchStoryboardName = LaunchScreen;
				INFOPLIST_KEY_UIMainStoryboardFile = Main;
				INFOPLIST_KEY_UISupportedInterfaceOrientations_iPad = "UIInterfaceOrientationPortrait UIInterfaceOrientationPortraitUpsideDown UIInterfaceOrientationLandscapeLeft UIInterfaceOrientationLandscapeRight";
				INFOPLIST_KEY_UISupportedInterfaceOrientations_iPhone = "UIInterfaceOrientationPortrait UIInterfaceOrientationLandscapeLeft UIInterfaceOrientationLandscapeRight";
				LD_RUNPATH_SEARCH_PATHS = (
					"$(inherited)",
					"@executable_path/Frameworks",
				);
				MARKETING_VERSION = 1.0;
				PRODUCT_BUNDLE_IDENTIFIER = com.Saanvi.ReusableUIView;
				PRODUCT_NAME = "$(TARGET_NAME)";
				SWIFT_EMIT_LOC_STRINGS = YES;
				SWIFT_VERSION = 5.0;
				TARGETED_DEVICE_FAMILY = "1,2";
			};
			name = Release;
		};
/* End XCBuildConfiguration section */

/* Begin XCConfigurationList section */
		FDE5DE8F2813E08600FB1B1B /* Build configuration list for PBXProject "ReusableUIView" */ = {
			isa = XCConfigurationList;
			buildConfigurations = (
				FDE5DEA62813E08B00FB1B1B /* Debug */,
				FDE5DEA72813E08B00FB1B1B /* Release */,
			);
			defaultConfigurationIsVisible = 0;
			defaultConfigurationName = Release;
		};
		FDE5DEA82813E08B00FB1B1B /* Build configuration list for PBXNativeTarget "ReusableUIView" */ = {
			isa = XCConfigurationList;
			buildConfigurations = (
				FDE5DEA92813E08B00FB1B1B /* Debug */,
				FDE5DEAA2813E08B00FB1B1B /* Release */,
			);
			defaultConfigurationIsVisible = 0;
			defaultConfigurationName = Release;
		};
/* End XCConfigurationList section */
	};
	rootObject = FDE5DE8C2813E08600FB1B1B /* Project object */;
}
